
Microsoft Visual Studio Solution File, Format Version 11.00
# Visual Studio 2010
Project("{FAE04EC0-301F-11D3-BF4B-00C04F79EFBC}") = "IntegralApproximation", "IntegralApproximation\IntegralApproximation.csproj", "{AE2997B8-E329-4D38-B7CA-4814125737F4}"
EndProject
Project("{930C7802-8A8C-48F9-8165-68863BCCD9DD}") = "Setup", "Setup\Setup.wixproj", "{63B838F0-C3B1-4D76-9356-24D34080CDF7}"
EndProject
Project("{FAE04EC0-301F-11D3-BF4B-00C04F79EFBC}") = "ZedGraph", "ZedGraph\source\ZedGraph.csproj", "{2541686B-1673-43BF-AF89-3163945DB009}"
EndProject
Project("{FAE04EC0-301F-11D3-BF4B-00C04F79EFBC}") = "YAMP", "YAMP\YAMP\YAMP.csproj", "{0F183B45-E213-4DB0-9734-3CE7E26EB318}"
EndProject
Global
	GlobalSection(SolutionConfigurationPlatforms) = preSolution
		Debug|Any CPU = Debug|Any CPU
		Debug|Mixed Platforms = Debug|Mixed Platforms
		Debug|x86 = Debug|x86
		Release|Any CPU = Release|Any CPU
		Release|Mixed Platforms = Release|Mixed Platforms
		Release|x86 = Release|x86
	EndGlobalSection
	GlobalSection(ProjectConfigurationPlatforms) = postSolution
		{AE2997B8-E329-4D38-B7CA-4814125737F4}.Debug|Any CPU.ActiveCfg = Debug|Any CPU
		{AE2997B8-E329-4D38-B7CA-4814125737F4}.Debug|Any CPU.Build.0 = Debug|Any CPU
		{AE2997B8-E329-4D38-B7CA-4814125737F4}.Debug|Mixed Platforms.ActiveCfg = Debug|Any CPU
		{AE2997B8-E329-4D38-B7CA-4814125737F4}.Debug|Mixed Platforms.Build.0 = Debug|Any CPU
		{AE2997B8-E329-4D38-B7CA-4814125737F4}.Debug|x86.ActiveCfg = Debug|Any CPU
		{AE2997B8-E329-4D38-B7CA-4814125737F4}.Release|Any CPU.ActiveCfg = Release|Any CPU
		{AE2997B8-E329-4D38-B7CA-4814125737F4}.Release|Any CPU.Build.0 = Release|Any CPU
		{AE2997B8-E329-4D38-B7CA-4814125737F4}.Release|Mixed Platforms.ActiveCfg = Release|Any CPU
		{AE2997B8-E329-4D38-B7CA-4814125737F4}.Release|Mixed Platforms.Build.0 = Release|Any CPU
		{AE2997B8-E329-4D38-B7CA-4814125737F4}.Release|x86.ActiveCfg = Release|Any CPU
		{63B838F0-C3B1-4D76-9356-24D34080CDF7}.Debug|Any CPU.ActiveCfg = Debug|x86
		{63B838F0-C3B1-4D76-9356-24D34080CDF7}.Debug|Mixed Platforms.ActiveCfg = Debug|x86
		{63B838F0-C3B1-4D76-9356-24D34080CDF7}.Debug|Mixed Platforms.Build.0 = Debug|x86
		{63B838F0-C3B1-4D76-9356-24D34080CDF7}.Debug|x86.ActiveCfg = Debug|x86
		{63B838F0-C3B1-4D76-9356-24D34080CDF7}.Debug|x86.Build.0 = Debug|x86
		{63B838F0-C3B1-4D76-9356-24D34080CDF7}.Release|Any CPU.ActiveCfg = Release|x86
		{63B838F0-C3B1-4D76-9356-24D34080CDF7}.Release|Mixed Platforms.ActiveCfg = Release|x86
		{63B838F0-C3B1-4D76-9356-24D34080CDF7}.Release|Mixed Platforms.Build.0 = Release|x86
		{63B838F0-C3B1-4D76-9356-24D34080CDF7}.Release|x86.ActiveCfg = Release|x86
		{63B838F0-C3B1-4D76-9356-24D34080CDF7}.Release|x86.Build.0 = Release|x86
		{2541686B-1673-43BF-AF89-3163945DB009}.Debug|Any CPU.ActiveCfg = Debug|Any CPU
		{2541686B-1673-43BF-AF89-3163945DB009}.Debug|Any CPU.Build.0 = Debug|Any CPU
		{2541686B-1673-43BF-AF89-3163945DB009}.Debug|Mixed Platforms.ActiveCfg = Debug|Any CPU
		{2541686B-1673-43BF-AF89-3163945DB009}.Debug|Mixed Platforms.Build.0 = Debug|Any CPU
		{2541686B-1673-43BF-AF89-3163945DB009}.Debug|x86.ActiveCfg = Debug|Any CPU
		{2541686B-1673-43BF-AF89-3163945DB009}.Release|Any CPU.ActiveCfg = Release|Any CPU
		{2541686B-1673-43BF-AF89-3163945DB009}.Release|Any CPU.Build.0 = Release|Any CPU
		{2541686B-1673-43BF-AF89-3163945DB009}.Release|Mixed Platforms.ActiveCfg = Release|Any CPU
		{2541686B-1673-43BF-AF89-3163945DB009}.Release|Mixed Platforms.Build.0 = Release|Any CPU
		{2541686B-1673-43BF-AF89-3163945DB009}.Release|x86.ActiveCfg = Release|Any CPU
		{0F183B45-E213-4DB0-9734-3CE7E26EB318}.Debug|Any CPU.ActiveCfg = Debug|Any CPU
		{0F183B45-E213-4DB0-9734-3CE7E26EB318}.Debug|Any CPU.Build.0 = Debug|Any CPU
		{0F183B45-E213-4DB0-9734-3CE7E26EB318}.Debug|Mixed Platforms.ActiveCfg = Debug|Any CPU
		{0F183B45-E213-4DB0-9734-3CE7E26EB318}.Debug|Mixed Platforms.Build.0 = Debug|Any CPU
		{0F183B45-E213-4DB0-9734-3CE7E26EB318}.Debug|x86.ActiveCfg = Debug|Any CPU
		{0F183B45-E213-4DB0-9734-3CE7E26EB318}.Release|Any CPU.ActiveCfg = Release|Any CPU
		{0F183B45-E213-4DB0-9734-3CE7E26EB318}.Release|Any CPU.Build.0 = Release|Any CPU
		{0F183B45-E213-4DB0-9734-3CE7E26EB318}.Release|Mixed Platforms.ActiveCfg = Release|Any CPU
		{0F183B45-E213-4DB0-9734-3CE7E26EB318}.Release|Mixed Platforms.Build.0 = Release|Any CPU
		{0F183B45-E213-4DB0-9734-3CE7E26EB318}.Release|x86.ActiveCfg = Release|Any CPU
	EndGlobalSection
	GlobalSection(SolutionProperties) = preSolution
		HideSolutionNode = FALSE
	EndGlobalSection
EndGlobal
